
Microsoft Visual Studio Solution File, Format Version 12.00
# Visual Studio Version 16
VisualStudioVersion = 16.0.29728.190
MinimumVisualStudioVersion = 10.0.40219.1
Project("{2150E333-8FDC-42A3-9474-1A3956D46DE8}") = "src", "src", "{FF8B1B72-55A1-4FFE-809E-7B79323ED8D0}"
EndProject
Project("{2150E333-8FDC-42A3-9474-1A3956D46DE8}") = "Adapter", "Adapter", "{24088844-2107-4DB2-8F3F-CBCA94FC4B28}"
EndProject
Project("{FAE04EC0-301F-11D3-BF4B-00C04F79EFBC}") = "MSTest.CoreAdapter", "src\Adapter\MSTest.CoreAdapter\MSTest.CoreAdapter.csproj", "{98BA6D2C-1F3D-4636-8E1D-D4932B7A253D}"
EndProject
Project("{FAE04EC0-301F-11D3-BF4B-00C04F79EFBC}") = "PlatformServices.Interface", "src\Adapter\PlatformServices.Interface\PlatformServices.Interface.csproj", "{BBC99A6B-4490-49DD-9C12-AF2C1E95576E}"
EndProject
Project("{FAE04EC0-301F-11D3-BF4B-00C04F79EFBC}") = "PlatformServices.Portable", "src\Adapter\PlatformServices.Portable\PlatformServices.Portable.csproj", "{58BDD63D-5E58-4D23-BDF5-592E5E03D29D}"
EndProject
Project("{FAE04EC0-301F-11D3-BF4B-00C04F79EFBC}") = "PlatformServices.Universal", "src\Adapter\PlatformServices.Universal\PlatformServices.Universal.csproj", "{5D153CAA-80C2-4551-9549-6C406FCEEFB1}"
EndProject
Project("{2150E333-8FDC-42A3-9474-1A3956D46DE8}") = "TestFramework", "TestFramework", "{E48AC786-E150-4F41-9A16-32F02E4493D8}"
EndProject
Project("{FAE04EC0-301F-11D3-BF4B-00C04F79EFBC}") = "MSTest.Core", "src\TestFramework\MSTest.Core\MSTest.Core.csproj", "{7252D9E3-267D-442C-96BC-C73AEF3241D6}"
EndProject
Project("{FAE04EC0-301F-11D3-BF4B-00C04F79EFBC}") = "PlatformServices.Desktop", "src\Adapter\PlatformServices.Desktop\PlatformServices.Desktop.csproj", "{B0FCE474-14BC-449A-91EA-A433342C0D63}"
EndProject
Project("{D954291E-2A0B-460D-934E-DC6B0785DB48}") = "PlatformServices.Shared", "src\Adapter\PlatformServices.Shared\PlatformServices.Shared.shproj", "{2177C273-AE07-43B3-B87A-443E47A23C5A}"
EndProject
Project("{FAE04EC0-301F-11D3-BF4B-00C04F79EFBC}") = "Extension.Desktop", "src\TestFramework\Extension.Desktop\Extension.Desktop.csproj", "{A7EA583B-A2B0-47DA-A058-458F247C7575}"
EndProject
Project("{FAE04EC0-301F-11D3-BF4B-00C04F79EFBC}") = "Extension.Core", "src\TestFramework\Extension.Core\Extension.Core.csproj", "{6C9FE494-8315-4667-B3F6-75DC62A62319}"
EndProject
Project("{D954291E-2A0B-460D-934E-DC6B0785DB48}") = "Extension.Shared", "src\TestFramework\Extension.Shared\Extension.Shared.shproj", "{272CA5E1-8E81-4825-9E47-86CCE02F700D}"
EndProject
Project("{FAE04EC0-301F-11D3-BF4B-00C04F79EFBC}") = "Extension.UWP", "src\TestFramework\Extension.UWP\Extension.UWP.csproj", "{DF131865-84EE-4540-8112-E88ACEBDEA09}"
EndProject
Project("{2150E333-8FDC-42A3-9474-1A3956D46DE8}") = "Build", "Build", "{CA01DAF5-8D9D-496E-9AD3-94BB7FBB2D34}"
EndProject
Project("{2150E333-8FDC-42A3-9474-1A3956D46DE8}") = "Desktop", "Desktop", "{3B88BD67-C767-466D-8C9C-C14681544B84}"
	ProjectSection(SolutionItems) = preProject
		src\Adapter\Build\Desktop\MSTest.TestAdapter.props = src\Adapter\Build\Desktop\MSTest.TestAdapter.props
		src\Adapter\Build\Desktop\MSTest.TestAdapter.targets = src\Adapter\Build\Desktop\MSTest.TestAdapter.targets
	EndProjectSection
EndProject
Project("{2150E333-8FDC-42A3-9474-1A3956D46DE8}") = "Universal", "Universal", "{89314305-F815-4969-9B1B-8AEDE109DEC4}"
	ProjectSection(SolutionItems) = preProject
		src\Adapter\Build\Universal\MSTest.TestAdapter.props = src\Adapter\Build\Universal\MSTest.TestAdapter.props
		src\Adapter\Build\Universal\MSTest.TestAdapter.targets = src\Adapter\Build\Universal\MSTest.TestAdapter.targets
	EndProjectSection
EndProject
Project("{2150E333-8FDC-42A3-9474-1A3956D46DE8}") = "Solution Items", "Solution Items", "{929A3EDE-893B-4801-82BA-01FD947291CB}"
	ProjectSection(SolutionItems) = preProject
		Nuget.config = Nuget.config
	EndProjectSection
EndProject
Project("{2150E333-8FDC-42A3-9474-1A3956D46DE8}") = "Package", "Package", "{E374A3A6-C364-4890-B315-D60F5C682B6E}"
	ProjectSection(SolutionItems) = preProject
		src\Package\MSTest.Internal.TestFx.Documentation.nuspec = src\Package\MSTest.Internal.TestFx.Documentation.nuspec
		src\Package\MSTest.TestAdapter.Enu.nuspec = src\Package\MSTest.TestAdapter.Enu.nuspec
		src\Package\MSTest.TestAdapter.nuspec = src\Package\MSTest.TestAdapter.nuspec
		src\Package\MSTest.TestAdapter.symbols.nuspec = src\Package\MSTest.TestAdapter.symbols.nuspec
		src\Package\MSTest.TestFramework.enu.nuspec = src\Package\MSTest.TestFramework.enu.nuspec
		src\Package\MSTest.TestFramework.nuspec = src\Package\MSTest.TestFramework.nuspec
		src\Package\MSTest.TestFramework.symbols.nuspec = src\Package\MSTest.TestFramework.symbols.nuspec
	EndProjectSection
EndProject
Project("{2150E333-8FDC-42A3-9474-1A3956D46DE8}") = "toolPackages", "toolPackages", "{1701E9E5-E06B-45FE-B860-6A83BBAEE6A9}"
	ProjectSection(SolutionItems) = preProject
		scripts\toolset\packages.config = scripts\toolset\packages.config
	EndProjectSection
EndProject
Project("{2150E333-8FDC-42A3-9474-1A3956D46DE8}") = "stylecop", "stylecop", "{FE0DF239-0D81-46CA-9277-3342009E83F9}"
	ProjectSection(SolutionItems) = preProject
		scripts\build\stylecop.json = scripts\build\stylecop.json
		scripts\build\stylecop.ruleset = scripts\build\stylecop.ruleset
		scripts\build\stylecop.test.ruleset = scripts\build\stylecop.test.ruleset
	EndProjectSection
EndProject
Project("{2150E333-8FDC-42A3-9474-1A3956D46DE8}") = "targets", "targets", "{F60B647A-E14C-48AF-9BD6-89F44EB60115}"
	ProjectSection(SolutionItems) = preProject
		scripts\build\TestFx.Loc.props = scripts\build\TestFx.Loc.props
		scripts\build\TestFx.props = scripts\build\TestFx.props
		scripts\build\TestFx.targets = scripts\build\TestFx.targets
	EndProjectSection
EndProject
Project("{2150E333-8FDC-42A3-9474-1A3956D46DE8}") = "scripts", "scripts", "{BCF525B1-E67F-486D-B091-06A8BB8A2793}"
	ProjectSection(SolutionItems) = preProject
		scripts\Build.ps1 = scripts\Build.ps1
		scripts\common.lib.ps1 = scripts\common.lib.ps1
		scripts\SetBuildNumber.ps1 = scripts\SetBuildNumber.ps1
		scripts\test.ps1 = scripts\test.ps1
	EndProjectSection
EndProject
Project("{2150E333-8FDC-42A3-9474-1A3956D46DE8}") = "samples", "samples", "{92F8E9A2-903E-4025-99BC-7DC478D5466D}"
EndProject
Project("{FAE04EC0-301F-11D3-BF4B-00C04F79EFBC}") = "FxExtensibility", "samples\FxExtensibility\FxExtensibility.csproj", "{A82770C0-1FF5-43C7-8790-471D5E4F8D6E}"
EndProject
Project("{9A19103F-16F7-4668-BE54-9A1E7A4F7556}") = "PlatformServices.NetCore", "src\Adapter\PlatformServices.NetCore\PlatformServices.NetCore.csproj", "{2979FAA1-4786-43E8-B2E1-F01A0A91FECC}"
EndProject
Project("{9A19103F-16F7-4668-BE54-9A1E7A4F7556}") = "Extension.WinUI", "src\TestFramework\Extension.WinUI\Extension.WinUI.csproj", "{23B9D9A2-4AEE-47E6-97B5-060DF21539FB}"
EndProject
Project("{2150E333-8FDC-42A3-9474-1A3956D46DE8}") = "NetCore", "NetCore", "{D11C6664-1C4E-48F0-AA92-7F5BADC6F82C}"
	ProjectSection(SolutionItems) = preProject
		src\Adapter\Build\NetCore\MSTest.TestAdapter.props = src\Adapter\Build\NetCore\MSTest.TestAdapter.props
	EndProjectSection
EndProject
Project("{9A19103F-16F7-4668-BE54-9A1E7A4F7556}") = "PlatformServices.WinUI", "src\Adapter\PlatformServices.WinUI\PlatformServices.WinUI.csproj", "{F4E2876F-6E42-4DCF-B629-041A9DF7C579}"
EndProject
Project("{2150E333-8FDC-42A3-9474-1A3956D46DE8}") = "WinUI", "WinUI", "{35D010CC-CDF2-4115-BCFB-E2E3D21C1055}"
	ProjectSection(SolutionItems) = preProject
		src\Adapter\Build\WinUI\MSTest.TestAdapter.props = src\Adapter\Build\WinUI\MSTest.TestAdapter.props
		src\Adapter\Build\WinUI\MSTest.TestAdapter.targets = src\Adapter\Build\WinUI\MSTest.TestAdapter.targets
	EndProjectSection
EndProject
Global
	GlobalSection(SharedMSBuildProjectFiles) = preSolution
		src\Adapter\PlatformServices.Shared\PlatformServices.Shared.projitems*{2177c273-ae07-43b3-b87a-443e47a23c5a}*SharedItemsImports = 13
		src\TestFramework\Extension.Shared\Extension.Shared.projitems*{23b9d9a2-4aee-47e6-97b5-060df21539fb}*SharedItemsImports = 5
		src\TestFramework\Extension.Shared\Extension.Shared.projitems*{272ca5e1-8e81-4825-9e47-86cce02f700d}*SharedItemsImports = 13
		src\TestFramework\Extension.Shared\Extension.Shared.projitems*{df131865-84ee-4540-8112-e88acebdea09}*SharedItemsImports = 4
	EndGlobalSection
	GlobalSection(SolutionConfigurationPlatforms) = preSolution
		Code Analysis Debug|Any CPU = Code Analysis Debug|Any CPU
		Code Analysis Debug|ARM = Code Analysis Debug|ARM
		Code Analysis Debug|x64 = Code Analysis Debug|x64
		Code Analysis Debug|x86 = Code Analysis Debug|x86
		Debug|Any CPU = Debug|Any CPU
		Debug|ARM = Debug|ARM
		Debug|x64 = Debug|x64
		Debug|x86 = Debug|x86
		Release|Any CPU = Release|Any CPU
		Release|ARM = Release|ARM
		Release|x64 = Release|x64
		Release|x86 = Release|x86
	EndGlobalSection
	GlobalSection(ProjectConfigurationPlatforms) = postSolution
		{98BA6D2C-1F3D-4636-8E1D-D4932B7A253D}.Code Analysis Debug|Any CPU.ActiveCfg = Debug|Any CPU
		{98BA6D2C-1F3D-4636-8E1D-D4932B7A253D}.Code Analysis Debug|Any CPU.Build.0 = Debug|Any CPU
		{98BA6D2C-1F3D-4636-8E1D-D4932B7A253D}.Code Analysis Debug|ARM.ActiveCfg = Debug|Any CPU
		{98BA6D2C-1F3D-4636-8E1D-D4932B7A253D}.Code Analysis Debug|ARM.Build.0 = Debug|Any CPU
		{98BA6D2C-1F3D-4636-8E1D-D4932B7A253D}.Code Analysis Debug|x64.ActiveCfg = Debug|Any CPU
		{98BA6D2C-1F3D-4636-8E1D-D4932B7A253D}.Code Analysis Debug|x64.Build.0 = Debug|Any CPU
		{98BA6D2C-1F3D-4636-8E1D-D4932B7A253D}.Code Analysis Debug|x86.ActiveCfg = Debug|Any CPU
		{98BA6D2C-1F3D-4636-8E1D-D4932B7A253D}.Code Analysis Debug|x86.Build.0 = Debug|Any CPU
		{98BA6D2C-1F3D-4636-8E1D-D4932B7A253D}.Debug|Any CPU.ActiveCfg = Debug|Any CPU
		{98BA6D2C-1F3D-4636-8E1D-D4932B7A253D}.Debug|Any CPU.Build.0 = Debug|Any CPU
		{98BA6D2C-1F3D-4636-8E1D-D4932B7A253D}.Debug|ARM.ActiveCfg = Debug|Any CPU
		{98BA6D2C-1F3D-4636-8E1D-D4932B7A253D}.Debug|ARM.Build.0 = Debug|Any CPU
		{98BA6D2C-1F3D-4636-8E1D-D4932B7A253D}.Debug|x64.ActiveCfg = Debug|Any CPU
		{98BA6D2C-1F3D-4636-8E1D-D4932B7A253D}.Debug|x64.Build.0 = Debug|Any CPU
		{98BA6D2C-1F3D-4636-8E1D-D4932B7A253D}.Debug|x86.ActiveCfg = Debug|Any CPU
		{98BA6D2C-1F3D-4636-8E1D-D4932B7A253D}.Debug|x86.Build.0 = Debug|Any CPU
		{98BA6D2C-1F3D-4636-8E1D-D4932B7A253D}.Release|Any CPU.ActiveCfg = Release|Any CPU
		{98BA6D2C-1F3D-4636-8E1D-D4932B7A253D}.Release|Any CPU.Build.0 = Release|Any CPU
		{98BA6D2C-1F3D-4636-8E1D-D4932B7A253D}.Release|ARM.ActiveCfg = Debug|Any CPU
		{98BA6D2C-1F3D-4636-8E1D-D4932B7A253D}.Release|ARM.Build.0 = Debug|Any CPU
		{98BA6D2C-1F3D-4636-8E1D-D4932B7A253D}.Release|x64.ActiveCfg = Debug|Any CPU
		{98BA6D2C-1F3D-4636-8E1D-D4932B7A253D}.Release|x64.Build.0 = Debug|Any CPU
		{98BA6D2C-1F3D-4636-8E1D-D4932B7A253D}.Release|x86.ActiveCfg = Debug|Any CPU
		{98BA6D2C-1F3D-4636-8E1D-D4932B7A253D}.Release|x86.Build.0 = Debug|Any CPU
		{BBC99A6B-4490-49DD-9C12-AF2C1E95576E}.Code Analysis Debug|Any CPU.ActiveCfg = Debug|Any CPU
		{BBC99A6B-4490-49DD-9C12-AF2C1E95576E}.Code Analysis Debug|Any CPU.Build.0 = Debug|Any CPU
		{BBC99A6B-4490-49DD-9C12-AF2C1E95576E}.Code Analysis Debug|ARM.ActiveCfg = Debug|Any CPU
		{BBC99A6B-4490-49DD-9C12-AF2C1E95576E}.Code Analysis Debug|ARM.Build.0 = Debug|Any CPU
		{BBC99A6B-4490-49DD-9C12-AF2C1E95576E}.Code Analysis Debug|x64.ActiveCfg = Debug|Any CPU
		{BBC99A6B-4490-49DD-9C12-AF2C1E95576E}.Code Analysis Debug|x64.Build.0 = Debug|Any CPU
		{BBC99A6B-4490-49DD-9C12-AF2C1E95576E}.Code Analysis Debug|x86.ActiveCfg = Debug|Any CPU
		{BBC99A6B-4490-49DD-9C12-AF2C1E95576E}.Code Analysis Debug|x86.Build.0 = Debug|Any CPU
		{BBC99A6B-4490-49DD-9C12-AF2C1E95576E}.Debug|Any CPU.ActiveCfg = Debug|Any CPU
		{BBC99A6B-4490-49DD-9C12-AF2C1E95576E}.Debug|Any CPU.Build.0 = Debug|Any CPU
		{BBC99A6B-4490-49DD-9C12-AF2C1E95576E}.Debug|ARM.ActiveCfg = Debug|Any CPU
		{BBC99A6B-4490-49DD-9C12-AF2C1E95576E}.Debug|ARM.Build.0 = Debug|Any CPU
		{BBC99A6B-4490-49DD-9C12-AF2C1E95576E}.Debug|x64.ActiveCfg = Debug|Any CPU
		{BBC99A6B-4490-49DD-9C12-AF2C1E95576E}.Debug|x64.Build.0 = Debug|Any CPU
		{BBC99A6B-4490-49DD-9C12-AF2C1E95576E}.Debug|x86.ActiveCfg = Debug|Any CPU
		{BBC99A6B-4490-49DD-9C12-AF2C1E95576E}.Debug|x86.Build.0 = Debug|Any CPU
		{BBC99A6B-4490-49DD-9C12-AF2C1E95576E}.Release|Any CPU.ActiveCfg = Release|Any CPU
		{BBC99A6B-4490-49DD-9C12-AF2C1E95576E}.Release|Any CPU.Build.0 = Release|Any CPU
		{BBC99A6B-4490-49DD-9C12-AF2C1E95576E}.Release|ARM.ActiveCfg = Debug|Any CPU
		{BBC99A6B-4490-49DD-9C12-AF2C1E95576E}.Release|ARM.Build.0 = Debug|Any CPU
		{BBC99A6B-4490-49DD-9C12-AF2C1E95576E}.Release|x64.ActiveCfg = Debug|Any CPU
		{BBC99A6B-4490-49DD-9C12-AF2C1E95576E}.Release|x64.Build.0 = Debug|Any CPU
		{BBC99A6B-4490-49DD-9C12-AF2C1E95576E}.Release|x86.ActiveCfg = Debug|Any CPU
		{BBC99A6B-4490-49DD-9C12-AF2C1E95576E}.Release|x86.Build.0 = Debug|Any CPU
		{58BDD63D-5E58-4D23-BDF5-592E5E03D29D}.Code Analysis Debug|Any CPU.ActiveCfg = Debug|Any CPU
		{58BDD63D-5E58-4D23-BDF5-592E5E03D29D}.Code Analysis Debug|Any CPU.Build.0 = Debug|Any CPU
		{58BDD63D-5E58-4D23-BDF5-592E5E03D29D}.Code Analysis Debug|ARM.ActiveCfg = Debug|Any CPU
		{58BDD63D-5E58-4D23-BDF5-592E5E03D29D}.Code Analysis Debug|ARM.Build.0 = Debug|Any CPU
		{58BDD63D-5E58-4D23-BDF5-592E5E03D29D}.Code Analysis Debug|x64.ActiveCfg = Debug|Any CPU
		{58BDD63D-5E58-4D23-BDF5-592E5E03D29D}.Code Analysis Debug|x64.Build.0 = Debug|Any CPU
		{58BDD63D-5E58-4D23-BDF5-592E5E03D29D}.Code Analysis Debug|x86.ActiveCfg = Debug|Any CPU
		{58BDD63D-5E58-4D23-BDF5-592E5E03D29D}.Code Analysis Debug|x86.Build.0 = Debug|Any CPU
		{58BDD63D-5E58-4D23-BDF5-592E5E03D29D}.Debug|Any CPU.ActiveCfg = Debug|Any CPU
		{58BDD63D-5E58-4D23-BDF5-592E5E03D29D}.Debug|Any CPU.Build.0 = Debug|Any CPU
		{58BDD63D-5E58-4D23-BDF5-592E5E03D29D}.Debug|ARM.ActiveCfg = Debug|Any CPU
		{58BDD63D-5E58-4D23-BDF5-592E5E03D29D}.Debug|ARM.Build.0 = Debug|Any CPU
		{58BDD63D-5E58-4D23-BDF5-592E5E03D29D}.Debug|x64.ActiveCfg = Debug|Any CPU
		{58BDD63D-5E58-4D23-BDF5-592E5E03D29D}.Debug|x64.Build.0 = Debug|Any CPU
		{58BDD63D-5E58-4D23-BDF5-592E5E03D29D}.Debug|x86.ActiveCfg = Debug|Any CPU
		{58BDD63D-5E58-4D23-BDF5-592E5E03D29D}.Debug|x86.Build.0 = Debug|Any CPU
		{58BDD63D-5E58-4D23-BDF5-592E5E03D29D}.Release|Any CPU.ActiveCfg = Release|Any CPU
		{58BDD63D-5E58-4D23-BDF5-592E5E03D29D}.Release|Any CPU.Build.0 = Release|Any CPU
		{58BDD63D-5E58-4D23-BDF5-592E5E03D29D}.Release|ARM.ActiveCfg = Debug|Any CPU
		{58BDD63D-5E58-4D23-BDF5-592E5E03D29D}.Release|ARM.Build.0 = Debug|Any CPU
		{58BDD63D-5E58-4D23-BDF5-592E5E03D29D}.Release|x64.ActiveCfg = Debug|Any CPU
		{58BDD63D-5E58-4D23-BDF5-592E5E03D29D}.Release|x64.Build.0 = Debug|Any CPU
		{58BDD63D-5E58-4D23-BDF5-592E5E03D29D}.Release|x86.ActiveCfg = Debug|Any CPU
		{58BDD63D-5E58-4D23-BDF5-592E5E03D29D}.Release|x86.Build.0 = Debug|Any CPU
		{5D153CAA-80C2-4551-9549-6C406FCEEFB1}.Code Analysis Debug|Any CPU.ActiveCfg = Debug|Any CPU
		{5D153CAA-80C2-4551-9549-6C406FCEEFB1}.Code Analysis Debug|Any CPU.Build.0 = Debug|Any CPU
		{5D153CAA-80C2-4551-9549-6C406FCEEFB1}.Code Analysis Debug|ARM.ActiveCfg = Debug|Any CPU
		{5D153CAA-80C2-4551-9549-6C406FCEEFB1}.Code Analysis Debug|ARM.Build.0 = Debug|Any CPU
		{5D153CAA-80C2-4551-9549-6C406FCEEFB1}.Code Analysis Debug|x64.ActiveCfg = Debug|Any CPU
		{5D153CAA-80C2-4551-9549-6C406FCEEFB1}.Code Analysis Debug|x64.Build.0 = Debug|Any CPU
		{5D153CAA-80C2-4551-9549-6C406FCEEFB1}.Code Analysis Debug|x86.ActiveCfg = Debug|Any CPU
		{5D153CAA-80C2-4551-9549-6C406FCEEFB1}.Code Analysis Debug|x86.Build.0 = Debug|Any CPU
		{5D153CAA-80C2-4551-9549-6C406FCEEFB1}.Debug|Any CPU.ActiveCfg = Debug|Any CPU
		{5D153CAA-80C2-4551-9549-6C406FCEEFB1}.Debug|Any CPU.Build.0 = Debug|Any CPU
		{5D153CAA-80C2-4551-9549-6C406FCEEFB1}.Debug|ARM.ActiveCfg = Debug|Any CPU
		{5D153CAA-80C2-4551-9549-6C406FCEEFB1}.Debug|ARM.Build.0 = Debug|Any CPU
		{5D153CAA-80C2-4551-9549-6C406FCEEFB1}.Debug|x64.ActiveCfg = Debug|Any CPU
		{5D153CAA-80C2-4551-9549-6C406FCEEFB1}.Debug|x64.Build.0 = Debug|Any CPU
		{5D153CAA-80C2-4551-9549-6C406FCEEFB1}.Debug|x86.ActiveCfg = Debug|Any CPU
		{5D153CAA-80C2-4551-9549-6C406FCEEFB1}.Debug|x86.Build.0 = Debug|Any CPU
		{5D153CAA-80C2-4551-9549-6C406FCEEFB1}.Release|Any CPU.ActiveCfg = Release|Any CPU
		{5D153CAA-80C2-4551-9549-6C406FCEEFB1}.Release|Any CPU.Build.0 = Release|Any CPU
		{5D153CAA-80C2-4551-9549-6C406FCEEFB1}.Release|ARM.ActiveCfg = Debug|Any CPU
		{5D153CAA-80C2-4551-9549-6C406FCEEFB1}.Release|ARM.Build.0 = Debug|Any CPU
		{5D153CAA-80C2-4551-9549-6C406FCEEFB1}.Release|x64.ActiveCfg = Debug|Any CPU
		{5D153CAA-80C2-4551-9549-6C406FCEEFB1}.Release|x64.Build.0 = Debug|Any CPU
		{5D153CAA-80C2-4551-9549-6C406FCEEFB1}.Release|x86.ActiveCfg = Debug|Any CPU
		{5D153CAA-80C2-4551-9549-6C406FCEEFB1}.Release|x86.Build.0 = Debug|Any CPU
		{7252D9E3-267D-442C-96BC-C73AEF3241D6}.Code Analysis Debug|Any CPU.ActiveCfg = Debug|Any CPU
		{7252D9E3-267D-442C-96BC-C73AEF3241D6}.Code Analysis Debug|Any CPU.Build.0 = Debug|Any CPU
		{7252D9E3-267D-442C-96BC-C73AEF3241D6}.Code Analysis Debug|ARM.ActiveCfg = Debug|Any CPU
		{7252D9E3-267D-442C-96BC-C73AEF3241D6}.Code Analysis Debug|ARM.Build.0 = Debug|Any CPU
		{7252D9E3-267D-442C-96BC-C73AEF3241D6}.Code Analysis Debug|x64.ActiveCfg = Debug|Any CPU
		{7252D9E3-267D-442C-96BC-C73AEF3241D6}.Code Analysis Debug|x64.Build.0 = Debug|Any CPU
		{7252D9E3-267D-442C-96BC-C73AEF3241D6}.Code Analysis Debug|x86.ActiveCfg = Debug|Any CPU
		{7252D9E3-267D-442C-96BC-C73AEF3241D6}.Code Analysis Debug|x86.Build.0 = Debug|Any CPU
		{7252D9E3-267D-442C-96BC-C73AEF3241D6}.Debug|Any CPU.ActiveCfg = Debug|Any CPU
		{7252D9E3-267D-442C-96BC-C73AEF3241D6}.Debug|Any CPU.Build.0 = Debug|Any CPU
		{7252D9E3-267D-442C-96BC-C73AEF3241D6}.Debug|ARM.ActiveCfg = Debug|Any CPU
		{7252D9E3-267D-442C-96BC-C73AEF3241D6}.Debug|ARM.Build.0 = Debug|Any CPU
		{7252D9E3-267D-442C-96BC-C73AEF3241D6}.Debug|x64.ActiveCfg = Debug|Any CPU
		{7252D9E3-267D-442C-96BC-C73AEF3241D6}.Debug|x64.Build.0 = Debug|Any CPU
		{7252D9E3-267D-442C-96BC-C73AEF3241D6}.Debug|x86.ActiveCfg = Debug|Any CPU
		{7252D9E3-267D-442C-96BC-C73AEF3241D6}.Debug|x86.Build.0 = Debug|Any CPU
		{7252D9E3-267D-442C-96BC-C73AEF3241D6}.Release|Any CPU.ActiveCfg = Release|Any CPU
		{7252D9E3-267D-442C-96BC-C73AEF3241D6}.Release|Any CPU.Build.0 = Release|Any CPU
		{7252D9E3-267D-442C-96BC-C73AEF3241D6}.Release|ARM.ActiveCfg = Debug|Any CPU
		{7252D9E3-267D-442C-96BC-C73AEF3241D6}.Release|ARM.Build.0 = Debug|Any CPU
		{7252D9E3-267D-442C-96BC-C73AEF3241D6}.Release|x64.ActiveCfg = Debug|Any CPU
		{7252D9E3-267D-442C-96BC-C73AEF3241D6}.Release|x64.Build.0 = Debug|Any CPU
		{7252D9E3-267D-442C-96BC-C73AEF3241D6}.Release|x86.ActiveCfg = Debug|Any CPU
		{7252D9E3-267D-442C-96BC-C73AEF3241D6}.Release|x86.Build.0 = Debug|Any CPU
		{B0FCE474-14BC-449A-91EA-A433342C0D63}.Code Analysis Debug|Any CPU.ActiveCfg = Debug|Any CPU
		{B0FCE474-14BC-449A-91EA-A433342C0D63}.Code Analysis Debug|Any CPU.Build.0 = Debug|Any CPU
		{B0FCE474-14BC-449A-91EA-A433342C0D63}.Code Analysis Debug|ARM.ActiveCfg = Debug|Any CPU
		{B0FCE474-14BC-449A-91EA-A433342C0D63}.Code Analysis Debug|ARM.Build.0 = Debug|Any CPU
		{B0FCE474-14BC-449A-91EA-A433342C0D63}.Code Analysis Debug|x64.ActiveCfg = Debug|Any CPU
		{B0FCE474-14BC-449A-91EA-A433342C0D63}.Code Analysis Debug|x64.Build.0 = Debug|Any CPU
		{B0FCE474-14BC-449A-91EA-A433342C0D63}.Code Analysis Debug|x86.ActiveCfg = Debug|Any CPU
		{B0FCE474-14BC-449A-91EA-A433342C0D63}.Code Analysis Debug|x86.Build.0 = Debug|Any CPU
		{B0FCE474-14BC-449A-91EA-A433342C0D63}.Debug|Any CPU.ActiveCfg = Debug|Any CPU
		{B0FCE474-14BC-449A-91EA-A433342C0D63}.Debug|Any CPU.Build.0 = Debug|Any CPU
		{B0FCE474-14BC-449A-91EA-A433342C0D63}.Debug|ARM.ActiveCfg = Debug|Any CPU
		{B0FCE474-14BC-449A-91EA-A433342C0D63}.Debug|ARM.Build.0 = Debug|Any CPU
		{B0FCE474-14BC-449A-91EA-A433342C0D63}.Debug|x64.ActiveCfg = Debug|Any CPU
		{B0FCE474-14BC-449A-91EA-A433342C0D63}.Debug|x64.Build.0 = Debug|Any CPU
		{B0FCE474-14BC-449A-91EA-A433342C0D63}.Debug|x86.ActiveCfg = Debug|Any CPU
		{B0FCE474-14BC-449A-91EA-A433342C0D63}.Debug|x86.Build.0 = Debug|Any CPU
		{B0FCE474-14BC-449A-91EA-A433342C0D63}.Release|Any CPU.ActiveCfg = Release|Any CPU
		{B0FCE474-14BC-449A-91EA-A433342C0D63}.Release|Any CPU.Build.0 = Release|Any CPU
		{B0FCE474-14BC-449A-91EA-A433342C0D63}.Release|ARM.ActiveCfg = Release|Any CPU
		{B0FCE474-14BC-449A-91EA-A433342C0D63}.Release|ARM.Build.0 = Release|Any CPU
		{B0FCE474-14BC-449A-91EA-A433342C0D63}.Release|x64.ActiveCfg = Release|Any CPU
		{B0FCE474-14BC-449A-91EA-A433342C0D63}.Release|x64.Build.0 = Release|Any CPU
		{B0FCE474-14BC-449A-91EA-A433342C0D63}.Release|x86.ActiveCfg = Release|Any CPU
		{B0FCE474-14BC-449A-91EA-A433342C0D63}.Release|x86.Build.0 = Release|Any CPU
		{A7EA583B-A2B0-47DA-A058-458F247C7575}.Code Analysis Debug|Any CPU.ActiveCfg = Debug|Any CPU
		{A7EA583B-A2B0-47DA-A058-458F247C7575}.Code Analysis Debug|Any CPU.Build.0 = Debug|Any CPU
		{A7EA583B-A2B0-47DA-A058-458F247C7575}.Code Analysis Debug|ARM.ActiveCfg = Debug|Any CPU
		{A7EA583B-A2B0-47DA-A058-458F247C7575}.Code Analysis Debug|ARM.Build.0 = Debug|Any CPU
		{A7EA583B-A2B0-47DA-A058-458F247C7575}.Code Analysis Debug|x64.ActiveCfg = Debug|Any CPU
		{A7EA583B-A2B0-47DA-A058-458F247C7575}.Code Analysis Debug|x64.Build.0 = Debug|Any CPU
		{A7EA583B-A2B0-47DA-A058-458F247C7575}.Code Analysis Debug|x86.ActiveCfg = Debug|Any CPU
		{A7EA583B-A2B0-47DA-A058-458F247C7575}.Code Analysis Debug|x86.Build.0 = Debug|Any CPU
		{A7EA583B-A2B0-47DA-A058-458F247C7575}.Debug|Any CPU.ActiveCfg = Debug|Any CPU
		{A7EA583B-A2B0-47DA-A058-458F247C7575}.Debug|Any CPU.Build.0 = Debug|Any CPU
		{A7EA583B-A2B0-47DA-A058-458F247C7575}.Debug|ARM.ActiveCfg = Debug|Any CPU
		{A7EA583B-A2B0-47DA-A058-458F247C7575}.Debug|ARM.Build.0 = Debug|Any CPU
		{A7EA583B-A2B0-47DA-A058-458F247C7575}.Debug|x64.ActiveCfg = Debug|Any CPU
		{A7EA583B-A2B0-47DA-A058-458F247C7575}.Debug|x64.Build.0 = Debug|Any CPU
		{A7EA583B-A2B0-47DA-A058-458F247C7575}.Debug|x86.ActiveCfg = Debug|Any CPU
		{A7EA583B-A2B0-47DA-A058-458F247C7575}.Debug|x86.Build.0 = Debug|Any CPU
		{A7EA583B-A2B0-47DA-A058-458F247C7575}.Release|Any CPU.ActiveCfg = Release|Any CPU
		{A7EA583B-A2B0-47DA-A058-458F247C7575}.Release|Any CPU.Build.0 = Release|Any CPU
		{A7EA583B-A2B0-47DA-A058-458F247C7575}.Release|ARM.ActiveCfg = Debug|Any CPU
		{A7EA583B-A2B0-47DA-A058-458F247C7575}.Release|ARM.Build.0 = Debug|Any CPU
		{A7EA583B-A2B0-47DA-A058-458F247C7575}.Release|x64.ActiveCfg = Debug|Any CPU
		{A7EA583B-A2B0-47DA-A058-458F247C7575}.Release|x64.Build.0 = Debug|Any CPU
		{A7EA583B-A2B0-47DA-A058-458F247C7575}.Release|x86.ActiveCfg = Debug|Any CPU
		{A7EA583B-A2B0-47DA-A058-458F247C7575}.Release|x86.Build.0 = Debug|Any CPU
		{6C9FE494-8315-4667-B3F6-75DC62A62319}.Code Analysis Debug|Any CPU.ActiveCfg = Debug|Any CPU
		{6C9FE494-8315-4667-B3F6-75DC62A62319}.Code Analysis Debug|Any CPU.Build.0 = Debug|Any CPU
		{6C9FE494-8315-4667-B3F6-75DC62A62319}.Code Analysis Debug|ARM.ActiveCfg = Debug|Any CPU
		{6C9FE494-8315-4667-B3F6-75DC62A62319}.Code Analysis Debug|ARM.Build.0 = Debug|Any CPU
		{6C9FE494-8315-4667-B3F6-75DC62A62319}.Code Analysis Debug|x64.ActiveCfg = Debug|Any CPU
		{6C9FE494-8315-4667-B3F6-75DC62A62319}.Code Analysis Debug|x64.Build.0 = Debug|Any CPU
		{6C9FE494-8315-4667-B3F6-75DC62A62319}.Code Analysis Debug|x86.ActiveCfg = Debug|Any CPU
		{6C9FE494-8315-4667-B3F6-75DC62A62319}.Code Analysis Debug|x86.Build.0 = Debug|Any CPU
		{6C9FE494-8315-4667-B3F6-75DC62A62319}.Debug|Any CPU.ActiveCfg = Debug|Any CPU
		{6C9FE494-8315-4667-B3F6-75DC62A62319}.Debug|Any CPU.Build.0 = Debug|Any CPU
		{6C9FE494-8315-4667-B3F6-75DC62A62319}.Debug|ARM.ActiveCfg = Debug|Any CPU
		{6C9FE494-8315-4667-B3F6-75DC62A62319}.Debug|ARM.Build.0 = Debug|Any CPU
		{6C9FE494-8315-4667-B3F6-75DC62A62319}.Debug|x64.ActiveCfg = Debug|Any CPU
		{6C9FE494-8315-4667-B3F6-75DC62A62319}.Debug|x64.Build.0 = Debug|Any CPU
		{6C9FE494-8315-4667-B3F6-75DC62A62319}.Debug|x86.ActiveCfg = Debug|Any CPU
		{6C9FE494-8315-4667-B3F6-75DC62A62319}.Debug|x86.Build.0 = Debug|Any CPU
		{6C9FE494-8315-4667-B3F6-75DC62A62319}.Release|Any CPU.ActiveCfg = Release|Any CPU
		{6C9FE494-8315-4667-B3F6-75DC62A62319}.Release|Any CPU.Build.0 = Release|Any CPU
		{6C9FE494-8315-4667-B3F6-75DC62A62319}.Release|ARM.ActiveCfg = Debug|Any CPU
		{6C9FE494-8315-4667-B3F6-75DC62A62319}.Release|ARM.Build.0 = Debug|Any CPU
		{6C9FE494-8315-4667-B3F6-75DC62A62319}.Release|x64.ActiveCfg = Debug|Any CPU
		{6C9FE494-8315-4667-B3F6-75DC62A62319}.Release|x64.Build.0 = Debug|Any CPU
		{6C9FE494-8315-4667-B3F6-75DC62A62319}.Release|x86.ActiveCfg = Debug|Any CPU
		{6C9FE494-8315-4667-B3F6-75DC62A62319}.Release|x86.Build.0 = Debug|Any CPU
		{DF131865-84EE-4540-8112-E88ACEBDEA09}.Code Analysis Debug|Any CPU.ActiveCfg = Debug|Any CPU
		{DF131865-84EE-4540-8112-E88ACEBDEA09}.Code Analysis Debug|Any CPU.Build.0 = Debug|Any CPU
		{DF131865-84EE-4540-8112-E88ACEBDEA09}.Code Analysis Debug|ARM.ActiveCfg = Debug|ARM
		{DF131865-84EE-4540-8112-E88ACEBDEA09}.Code Analysis Debug|ARM.Build.0 = Debug|ARM
		{DF131865-84EE-4540-8112-E88ACEBDEA09}.Code Analysis Debug|x64.ActiveCfg = Debug|x64
		{DF131865-84EE-4540-8112-E88ACEBDEA09}.Code Analysis Debug|x64.Build.0 = Debug|x64
		{DF131865-84EE-4540-8112-E88ACEBDEA09}.Code Analysis Debug|x86.ActiveCfg = Debug|x86
		{DF131865-84EE-4540-8112-E88ACEBDEA09}.Code Analysis Debug|x86.Build.0 = Debug|x86
		{DF131865-84EE-4540-8112-E88ACEBDEA09}.Debug|Any CPU.ActiveCfg = Debug|Any CPU
		{DF131865-84EE-4540-8112-E88ACEBDEA09}.Debug|Any CPU.Build.0 = Debug|Any CPU
		{DF131865-84EE-4540-8112-E88ACEBDEA09}.Debug|ARM.ActiveCfg = Debug|ARM
		{DF131865-84EE-4540-8112-E88ACEBDEA09}.Debug|ARM.Build.0 = Debug|ARM
		{DF131865-84EE-4540-8112-E88ACEBDEA09}.Debug|x64.ActiveCfg = Debug|x64
		{DF131865-84EE-4540-8112-E88ACEBDEA09}.Debug|x64.Build.0 = Debug|x64
		{DF131865-84EE-4540-8112-E88ACEBDEA09}.Debug|x86.ActiveCfg = Debug|x86
		{DF131865-84EE-4540-8112-E88ACEBDEA09}.Debug|x86.Build.0 = Debug|x86
		{DF131865-84EE-4540-8112-E88ACEBDEA09}.Release|Any CPU.ActiveCfg = Release|Any CPU
		{DF131865-84EE-4540-8112-E88ACEBDEA09}.Release|Any CPU.Build.0 = Release|Any CPU
		{DF131865-84EE-4540-8112-E88ACEBDEA09}.Release|ARM.ActiveCfg = Release|ARM
		{DF131865-84EE-4540-8112-E88ACEBDEA09}.Release|ARM.Build.0 = Release|ARM
		{DF131865-84EE-4540-8112-E88ACEBDEA09}.Release|x64.ActiveCfg = Release|x64
		{DF131865-84EE-4540-8112-E88ACEBDEA09}.Release|x64.Build.0 = Release|x64
		{DF131865-84EE-4540-8112-E88ACEBDEA09}.Release|x86.ActiveCfg = Release|x86
		{DF131865-84EE-4540-8112-E88ACEBDEA09}.Release|x86.Build.0 = Release|x86
		{A82770C0-1FF5-43C7-8790-471D5E4F8D6E}.Code Analysis Debug|Any CPU.ActiveCfg = Debug|Any CPU
		{A82770C0-1FF5-43C7-8790-471D5E4F8D6E}.Code Analysis Debug|Any CPU.Build.0 = Debug|Any CPU
		{A82770C0-1FF5-43C7-8790-471D5E4F8D6E}.Code Analysis Debug|ARM.ActiveCfg = Debug|Any CPU
		{A82770C0-1FF5-43C7-8790-471D5E4F8D6E}.Code Analysis Debug|ARM.Build.0 = Debug|Any CPU
		{A82770C0-1FF5-43C7-8790-471D5E4F8D6E}.Code Analysis Debug|x64.ActiveCfg = Debug|Any CPU
		{A82770C0-1FF5-43C7-8790-471D5E4F8D6E}.Code Analysis Debug|x64.Build.0 = Debug|Any CPU
		{A82770C0-1FF5-43C7-8790-471D5E4F8D6E}.Code Analysis Debug|x86.ActiveCfg = Debug|Any CPU
		{A82770C0-1FF5-43C7-8790-471D5E4F8D6E}.Code Analysis Debug|x86.Build.0 = Debug|Any CPU
		{A82770C0-1FF5-43C7-8790-471D5E4F8D6E}.Debug|Any CPU.ActiveCfg = Debug|Any CPU
		{A82770C0-1FF5-43C7-8790-471D5E4F8D6E}.Debug|Any CPU.Build.0 = Debug|Any CPU
		{A82770C0-1FF5-43C7-8790-471D5E4F8D6E}.Debug|ARM.ActiveCfg = Debug|Any CPU
		{A82770C0-1FF5-43C7-8790-471D5E4F8D6E}.Debug|ARM.Build.0 = Debug|Any CPU
		{A82770C0-1FF5-43C7-8790-471D5E4F8D6E}.Debug|x64.ActiveCfg = Debug|Any CPU
		{A82770C0-1FF5-43C7-8790-471D5E4F8D6E}.Debug|x64.Build.0 = Debug|Any CPU
		{A82770C0-1FF5-43C7-8790-471D5E4F8D6E}.Debug|x86.ActiveCfg = Debug|Any CPU
		{A82770C0-1FF5-43C7-8790-471D5E4F8D6E}.Debug|x86.Build.0 = Debug|Any CPU
		{A82770C0-1FF5-43C7-8790-471D5E4F8D6E}.Release|Any CPU.ActiveCfg = Release|Any CPU
		{A82770C0-1FF5-43C7-8790-471D5E4F8D6E}.Release|Any CPU.Build.0 = Release|Any CPU
		{A82770C0-1FF5-43C7-8790-471D5E4F8D6E}.Release|ARM.ActiveCfg = Release|Any CPU
		{A82770C0-1FF5-43C7-8790-471D5E4F8D6E}.Release|ARM.Build.0 = Release|Any CPU
		{A82770C0-1FF5-43C7-8790-471D5E4F8D6E}.Release|x64.ActiveCfg = Release|Any CPU
		{A82770C0-1FF5-43C7-8790-471D5E4F8D6E}.Release|x64.Build.0 = Release|Any CPU
		{A82770C0-1FF5-43C7-8790-471D5E4F8D6E}.Release|x86.ActiveCfg = Release|Any CPU
		{A82770C0-1FF5-43C7-8790-471D5E4F8D6E}.Release|x86.Build.0 = Release|Any CPU
		{2979FAA1-4786-43E8-B2E1-F01A0A91FECC}.Code Analysis Debug|Any CPU.ActiveCfg = Debug|Any CPU
		{2979FAA1-4786-43E8-B2E1-F01A0A91FECC}.Code Analysis Debug|Any CPU.Build.0 = Debug|Any CPU
		{2979FAA1-4786-43E8-B2E1-F01A0A91FECC}.Code Analysis Debug|ARM.ActiveCfg = Debug|Any CPU
		{2979FAA1-4786-43E8-B2E1-F01A0A91FECC}.Code Analysis Debug|ARM.Build.0 = Debug|Any CPU
		{2979FAA1-4786-43E8-B2E1-F01A0A91FECC}.Code Analysis Debug|x64.ActiveCfg = Debug|Any CPU
		{2979FAA1-4786-43E8-B2E1-F01A0A91FECC}.Code Analysis Debug|x64.Build.0 = Debug|Any CPU
		{2979FAA1-4786-43E8-B2E1-F01A0A91FECC}.Code Analysis Debug|x86.ActiveCfg = Debug|Any CPU
		{2979FAA1-4786-43E8-B2E1-F01A0A91FECC}.Code Analysis Debug|x86.Build.0 = Debug|Any CPU
		{2979FAA1-4786-43E8-B2E1-F01A0A91FECC}.Debug|Any CPU.ActiveCfg = Debug|Any CPU
		{2979FAA1-4786-43E8-B2E1-F01A0A91FECC}.Debug|Any CPU.Build.0 = Debug|Any CPU
		{2979FAA1-4786-43E8-B2E1-F01A0A91FECC}.Debug|ARM.ActiveCfg = Debug|Any CPU
		{2979FAA1-4786-43E8-B2E1-F01A0A91FECC}.Debug|ARM.Build.0 = Debug|Any CPU
		{2979FAA1-4786-43E8-B2E1-F01A0A91FECC}.Debug|x64.ActiveCfg = Debug|Any CPU
		{2979FAA1-4786-43E8-B2E1-F01A0A91FECC}.Debug|x64.Build.0 = Debug|Any CPU
		{2979FAA1-4786-43E8-B2E1-F01A0A91FECC}.Debug|x86.ActiveCfg = Debug|Any CPU
		{2979FAA1-4786-43E8-B2E1-F01A0A91FECC}.Debug|x86.Build.0 = Debug|Any CPU
		{2979FAA1-4786-43E8-B2E1-F01A0A91FECC}.Release|Any CPU.ActiveCfg = Release|Any CPU
		{2979FAA1-4786-43E8-B2E1-F01A0A91FECC}.Release|Any CPU.Build.0 = Release|Any CPU
		{2979FAA1-4786-43E8-B2E1-F01A0A91FECC}.Release|ARM.ActiveCfg = Release|Any CPU
		{2979FAA1-4786-43E8-B2E1-F01A0A91FECC}.Release|ARM.Build.0 = Release|Any CPU
		{2979FAA1-4786-43E8-B2E1-F01A0A91FECC}.Release|x64.ActiveCfg = Release|Any CPU
		{2979FAA1-4786-43E8-B2E1-F01A0A91FECC}.Release|x64.Build.0 = Release|Any CPU
		{2979FAA1-4786-43E8-B2E1-F01A0A91FECC}.Release|x86.ActiveCfg = Release|Any CPU
		{2979FAA1-4786-43E8-B2E1-F01A0A91FECC}.Release|x86.Build.0 = Release|Any CPU
		{23B9D9A2-4AEE-47E6-97B5-060DF21539FB}.Code Analysis Debug|Any CPU.ActiveCfg = Debug|Any CPU
		{23B9D9A2-4AEE-47E6-97B5-060DF21539FB}.Code Analysis Debug|Any CPU.Build.0 = Debug|Any CPU
		{23B9D9A2-4AEE-47E6-97B5-060DF21539FB}.Code Analysis Debug|ARM.ActiveCfg = Debug|Any CPU
		{23B9D9A2-4AEE-47E6-97B5-060DF21539FB}.Code Analysis Debug|ARM.Build.0 = Debug|Any CPU
		{23B9D9A2-4AEE-47E6-97B5-060DF21539FB}.Code Analysis Debug|x64.ActiveCfg = Debug|Any CPU
		{23B9D9A2-4AEE-47E6-97B5-060DF21539FB}.Code Analysis Debug|x64.Build.0 = Debug|Any CPU
		{23B9D9A2-4AEE-47E6-97B5-060DF21539FB}.Code Analysis Debug|x86.ActiveCfg = Debug|Any CPU
		{23B9D9A2-4AEE-47E6-97B5-060DF21539FB}.Code Analysis Debug|x86.Build.0 = Debug|Any CPU
		{23B9D9A2-4AEE-47E6-97B5-060DF21539FB}.Debug|Any CPU.ActiveCfg = Debug|Any CPU
		{23B9D9A2-4AEE-47E6-97B5-060DF21539FB}.Debug|Any CPU.Build.0 = Debug|Any CPU
		{23B9D9A2-4AEE-47E6-97B5-060DF21539FB}.Debug|ARM.ActiveCfg = Debug|Any CPU
		{23B9D9A2-4AEE-47E6-97B5-060DF21539FB}.Debug|ARM.Build.0 = Debug|Any CPU
		{23B9D9A2-4AEE-47E6-97B5-060DF21539FB}.Debug|x64.ActiveCfg = Debug|Any CPU
		{23B9D9A2-4AEE-47E6-97B5-060DF21539FB}.Debug|x64.Build.0 = Debug|Any CPU
		{23B9D9A2-4AEE-47E6-97B5-060DF21539FB}.Debug|x86.ActiveCfg = Debug|Any CPU
		{23B9D9A2-4AEE-47E6-97B5-060DF21539FB}.Debug|x86.Build.0 = Debug|Any CPU
		{23B9D9A2-4AEE-47E6-97B5-060DF21539FB}.Release|Any CPU.ActiveCfg = Release|Any CPU
		{23B9D9A2-4AEE-47E6-97B5-060DF21539FB}.Release|Any CPU.Build.0 = Release|Any CPU
		{23B9D9A2-4AEE-47E6-97B5-060DF21539FB}.Release|ARM.ActiveCfg = Release|Any CPU
		{23B9D9A2-4AEE-47E6-97B5-060DF21539FB}.Release|ARM.Build.0 = Release|Any CPU
		{23B9D9A2-4AEE-47E6-97B5-060DF21539FB}.Release|x64.ActiveCfg = Release|Any CPU
		{23B9D9A2-4AEE-47E6-97B5-060DF21539FB}.Release|x64.Build.0 = Release|Any CPU
		{23B9D9A2-4AEE-47E6-97B5-060DF21539FB}.Release|x86.ActiveCfg = Release|Any CPU
		{23B9D9A2-4AEE-47E6-97B5-060DF21539FB}.Release|x86.Build.0 = Release|Any CPU
		{F4E2876F-6E42-4DCF-B629-041A9DF7C579}.Code Analysis Debug|Any CPU.ActiveCfg = Debug|Any CPU
		{F4E2876F-6E42-4DCF-B629-041A9DF7C579}.Code Analysis Debug|Any CPU.Build.0 = Debug|Any CPU
		{F4E2876F-6E42-4DCF-B629-041A9DF7C579}.Code Analysis Debug|ARM.ActiveCfg = Debug|ARM
		{F4E2876F-6E42-4DCF-B629-041A9DF7C579}.Code Analysis Debug|ARM.Build.0 = Debug|ARM
		{F4E2876F-6E42-4DCF-B629-041A9DF7C579}.Code Analysis Debug|x64.ActiveCfg = Debug|x64
		{F4E2876F-6E42-4DCF-B629-041A9DF7C579}.Code Analysis Debug|x64.Build.0 = Debug|x64
		{F4E2876F-6E42-4DCF-B629-041A9DF7C579}.Code Analysis Debug|x86.ActiveCfg = Debug|x86
		{F4E2876F-6E42-4DCF-B629-041A9DF7C579}.Code Analysis Debug|x86.Build.0 = Debug|x86
		{F4E2876F-6E42-4DCF-B629-041A9DF7C579}.Debug|Any CPU.ActiveCfg = Debug|Any CPU
		{F4E2876F-6E42-4DCF-B629-041A9DF7C579}.Debug|Any CPU.Build.0 = Debug|Any CPU
		{F4E2876F-6E42-4DCF-B629-041A9DF7C579}.Debug|ARM.ActiveCfg = Debug|ARM
		{F4E2876F-6E42-4DCF-B629-041A9DF7C579}.Debug|ARM.Build.0 = Debug|ARM
		{F4E2876F-6E42-4DCF-B629-041A9DF7C579}.Debug|x64.ActiveCfg = Debug|x64
		{F4E2876F-6E42-4DCF-B629-041A9DF7C579}.Debug|x64.Build.0 = Debug|x64
		{F4E2876F-6E42-4DCF-B629-041A9DF7C579}.Debug|x86.ActiveCfg = Debug|x86
		{F4E2876F-6E42-4DCF-B629-041A9DF7C579}.Debug|x86.Build.0 = Debug|x86
		{F4E2876F-6E42-4DCF-B629-041A9DF7C579}.Release|Any CPU.ActiveCfg = Release|Any CPU
		{F4E2876F-6E42-4DCF-B629-041A9DF7C579}.Release|Any CPU.Build.0 = Release|Any CPU
		{F4E2876F-6E42-4DCF-B629-041A9DF7C579}.Release|ARM.ActiveCfg = Release|ARM
		{F4E2876F-6E42-4DCF-B629-041A9DF7C579}.Release|ARM.Build.0 = Release|ARM
		{F4E2876F-6E42-4DCF-B629-041A9DF7C579}.Release|x64.ActiveCfg = Release|x64
		{F4E2876F-6E42-4DCF-B629-041A9DF7C579}.Release|x64.Build.0 = Release|x64
		{F4E2876F-6E42-4DCF-B629-041A9DF7C579}.Release|x86.ActiveCfg = Release|x86
		{F4E2876F-6E42-4DCF-B629-041A9DF7C579}.Release|x86.Build.0 = Release|x86
	EndGlobalSection
	GlobalSection(SolutionProperties) = preSolution
		HideSolutionNode = FALSE
	EndGlobalSection
	GlobalSection(NestedProjects) = preSolution
		{24088844-2107-4DB2-8F3F-CBCA94FC4B28} = {FF8B1B72-55A1-4FFE-809E-7B79323ED8D0}
		{98BA6D2C-1F3D-4636-8E1D-D4932B7A253D} = {24088844-2107-4DB2-8F3F-CBCA94FC4B28}
		{BBC99A6B-4490-49DD-9C12-AF2C1E95576E} = {24088844-2107-4DB2-8F3F-CBCA94FC4B28}
		{58BDD63D-5E58-4D23-BDF5-592E5E03D29D} = {24088844-2107-4DB2-8F3F-CBCA94FC4B28}
		{5D153CAA-80C2-4551-9549-6C406FCEEFB1} = {24088844-2107-4DB2-8F3F-CBCA94FC4B28}
		{E48AC786-E150-4F41-9A16-32F02E4493D8} = {FF8B1B72-55A1-4FFE-809E-7B79323ED8D0}
		{7252D9E3-267D-442C-96BC-C73AEF3241D6} = {E48AC786-E150-4F41-9A16-32F02E4493D8}
		{B0FCE474-14BC-449A-91EA-A433342C0D63} = {24088844-2107-4DB2-8F3F-CBCA94FC4B28}
		{2177C273-AE07-43B3-B87A-443E47A23C5A} = {24088844-2107-4DB2-8F3F-CBCA94FC4B28}
		{A7EA583B-A2B0-47DA-A058-458F247C7575} = {E48AC786-E150-4F41-9A16-32F02E4493D8}
		{6C9FE494-8315-4667-B3F6-75DC62A62319} = {E48AC786-E150-4F41-9A16-32F02E4493D8}
		{272CA5E1-8E81-4825-9E47-86CCE02F700D} = {E48AC786-E150-4F41-9A16-32F02E4493D8}
		{DF131865-84EE-4540-8112-E88ACEBDEA09} = {E48AC786-E150-4F41-9A16-32F02E4493D8}
		{CA01DAF5-8D9D-496E-9AD3-94BB7FBB2D34} = {24088844-2107-4DB2-8F3F-CBCA94FC4B28}
		{3B88BD67-C767-466D-8C9C-C14681544B84} = {CA01DAF5-8D9D-496E-9AD3-94BB7FBB2D34}
		{89314305-F815-4969-9B1B-8AEDE109DEC4} = {CA01DAF5-8D9D-496E-9AD3-94BB7FBB2D34}
		{E374A3A6-C364-4890-B315-D60F5C682B6E} = {FF8B1B72-55A1-4FFE-809E-7B79323ED8D0}
		{1701E9E5-E06B-45FE-B860-6A83BBAEE6A9} = {929A3EDE-893B-4801-82BA-01FD947291CB}
		{FE0DF239-0D81-46CA-9277-3342009E83F9} = {929A3EDE-893B-4801-82BA-01FD947291CB}
		{F60B647A-E14C-48AF-9BD6-89F44EB60115} = {929A3EDE-893B-4801-82BA-01FD947291CB}
		{BCF525B1-E67F-486D-B091-06A8BB8A2793} = {929A3EDE-893B-4801-82BA-01FD947291CB}
		{A82770C0-1FF5-43C7-8790-471D5E4F8D6E} = {92F8E9A2-903E-4025-99BC-7DC478D5466D}
		{2979FAA1-4786-43E8-B2E1-F01A0A91FECC} = {24088844-2107-4DB2-8F3F-CBCA94FC4B28}
		{23B9D9A2-4AEE-47E6-97B5-060DF21539FB} = {E48AC786-E150-4F41-9A16-32F02E4493D8}
		{D11C6664-1C4E-48F0-AA92-7F5BADC6F82C} = {CA01DAF5-8D9D-496E-9AD3-94BB7FBB2D34}
		{F4E2876F-6E42-4DCF-B629-041A9DF7C579} = {24088844-2107-4DB2-8F3F-CBCA94FC4B28}
		{35D010CC-CDF2-4115-BCFB-E2E3D21C1055} = {CA01DAF5-8D9D-496E-9AD3-94BB7FBB2D34}
	EndGlobalSection
	GlobalSection(ExtensibilityGlobals) = postSolution
		SolutionGuid = {31E0F4D5-975A-41CC-933E-545B2201FAF9}
	EndGlobalSection
EndGlobal
